{
  "projects": [
    {
      "projectId": "3BHMWCYAenCmWb8ThbnzeF",
      "version": "11.1.1",
      "dependencies": {},
      "lang": "ts",
      "fileLocks": [
        {
          "type": "globalVariant",
          "assetId": "OhEUf6Jd0eV8",
          "checksum": "55ca944a8d953e9fad6e251b142e79bc"
        },
        {
          "type": "globalVariant",
          "assetId": "yBTVTgAz2Co9",
          "checksum": "1fa9c802d5a085f1d24a7d61f5299119"
        },
        {
          "assetId": "3BHMWCYAenCmWb8ThbnzeF",
          "type": "projectCss",
          "checksum": "43a472797748794ca68fd5f6870b798d"
        }
      ],
      "codegenVersion": "0.0.1"
    },
    {
      "projectId": "dNqcW7FYVqnkjtbdVGjyS8",
      "version": "33.2.0",
      "dependencies": {
        "3BHMWCYAenCmWb8ThbnzeF": "11.1.1"
      },
      "lang": "ts",
      "fileLocks": [
        {
          "type": "globalVariant",
          "assetId": "KU6ZMPleDsvH",
          "checksum": "0642a6e3d64be4022332fef7a77254e4"
        },
        {
          "assetId": "dNqcW7FYVqnkjtbdVGjyS8",
          "type": "projectCss",
          "checksum": "baa954a1cb0e222e982a86e246113166"
        }
      ],
      "codegenVersion": "0.0.1"
    },
    {
      "projectId": "rs6Egi3bpxgrd3P2FjjZpt",
      "version": "4.0.0",
      "dependencies": {
        "3BHMWCYAenCmWb8ThbnzeF": "11.1.1",
        "dNqcW7FYVqnkjtbdVGjyS8": "33.2.0"
      },
      "lang": "ts",
      "fileLocks": [
        {
          "type": "globalVariant",
          "assetId": "8GoEViyZEQD1",
          "checksum": "2e125c68657123a885b6742a65e741f0"
        },
        {
          "assetId": "rs6Egi3bpxgrd3P2FjjZpt",
          "type": "projectCss",
          "checksum": "ed9fd0fd30a2bea2e2b3796d2ed2cd5e"
        }
      ],
      "codegenVersion": "0.0.1"
    },
    {
      "projectId": "ivrmEdvdUKbShkHq3Wnmy4",
      "version": "1.3.2",
      "dependencies": {
        "dNqcW7FYVqnkjtbdVGjyS8": "33.2.0",
        "3BHMWCYAenCmWb8ThbnzeF": "11.1.1"
      },
      "lang": "ts",
      "fileLocks": [
        {
          "type": "globalVariant",
          "assetId": "OhUuU1l4SCsA",
          "checksum": "258989599c264086224551d3ef68766a"
        },
        {
          "type": "renderModule",
          "assetId": "FrN9fU2OadSM",
          "checksum": "b37e37a94093b58a52649ba6ccdb8052"
        },
        {
          "type": "cssRules",
          "assetId": "FrN9fU2OadSM",
          "checksum": "b37e37a94093b58a52649ba6ccdb8052"
        },
        {
          "type": "renderModule",
          "assetId": "euI0ixjRuMc-",
          "checksum": "a65e84430fdbffd29348c7c679fbc794"
        },
        {
          "type": "cssRules",
          "assetId": "euI0ixjRuMc-",
          "checksum": "a65e84430fdbffd29348c7c679fbc794"
        },
        {
          "type": "renderModule",
          "assetId": "ImVovFGYKmjP",
          "checksum": "036dc90cc79d46f0f4a1091325226fd6"
        },
        {
          "type": "cssRules",
          "assetId": "ImVovFGYKmjP",
          "checksum": "036dc90cc79d46f0f4a1091325226fd6"
        },
        {
          "type": "renderModule",
          "assetId": "LOx8MsUGQOkC",
          "checksum": "99da0c6ee860ed61ed2943d991e45830"
        },
        {
          "type": "cssRules",
          "assetId": "LOx8MsUGQOkC",
          "checksum": "99da0c6ee860ed61ed2943d991e45830"
        },
        {
          "type": "icon",
          "assetId": "W8f0WXN0d1h2",
          "checksum": "6059e460cb0dfebbf8ea09d92887f5dd"
        },
        {
          "type": "icon",
          "assetId": "4wAzB1idVaJG",
          "checksum": "8a032adca355c6723b0620d9d379bbde"
        },
        {
          "type": "icon",
          "assetId": "UpZJHQ4suSlT",
          "checksum": "b026993182b17ef5f858067e3e696fb7"
        },
        {
          "type": "icon",
          "assetId": "rm4bRluou8no",
          "checksum": "f36af06c34ed7236e4d3b48166cac3ad"
        },
        {
          "type": "icon",
          "assetId": "LLZKKgmuXXXH",
          "checksum": "891ac39ee2125de06c8fafc4e50032dd"
        },
        {
          "type": "icon",
          "assetId": "OZebjBal9Tru",
          "checksum": "1401a426a016f90a771113bca99543e5"
        },
        {
          "type": "icon",
          "assetId": "JjBQgve3wOfl",
          "checksum": "b587f75a50117e2fce6776e8de458908"
        },
        {
          "type": "icon",
          "assetId": "63pp6T59hYhk",
          "checksum": "3b1d4dbf95d8fc04639dbf6800eaba81"
        },
        {
          "type": "icon",
          "assetId": "5QNJ2AcXoalS",
          "checksum": "d9161832b64056569d73148b0fecef9a"
        },
        {
          "assetId": "ivrmEdvdUKbShkHq3Wnmy4",
          "type": "projectCss",
          "checksum": "b167b35a18f63ded263ab24ebbcfe40b"
        }
      ],
      "codegenVersion": "0.0.1"
    },
    {
      "projectId": "4JFyEcvXaxQ6TZ3SJQYzp6",
      "version": "9.0.4",
      "dependencies": {
        "dNqcW7FYVqnkjtbdVGjyS8": "33.2.0",
        "3BHMWCYAenCmWb8ThbnzeF": "11.1.1",
        "rs6Egi3bpxgrd3P2FjjZpt": "4.0.0"
      },
      "lang": "ts",
      "fileLocks": [
        {
          "type": "globalVariant",
          "assetId": "2PazUFwX6PcP",
          "checksum": "b35be15f0cce57508a40d81476b7c4b2"
        },
        {
          "type": "renderModule",
          "assetId": "3BnfwULcRUyf",
          "checksum": "cc21811c09dbad698a4cadf359dd44e7"
        },
        {
          "type": "cssRules",
          "assetId": "3BnfwULcRUyf",
          "checksum": "cc21811c09dbad698a4cadf359dd44e7"
        },
        {
          "type": "icon",
          "assetId": "2TAj_FBTgcH-",
          "checksum": "5bdd55a3a858fad390a5242aa934589d"
        },
        {
          "type": "icon",
          "assetId": "o-asKjci-D-m",
          "checksum": "245cf7894b6d6a7d511651cdd24437cb"
        },
        {
          "assetId": "4JFyEcvXaxQ6TZ3SJQYzp6",
          "type": "projectCss",
          "checksum": "8daa1c832d0698d126c1a08b13d5eec8"
        }
      ],
      "codegenVersion": "0.0.1"
    },
    {
      "projectId": "6PoNur73nfoJqbzNtkNpAX",
      "version": "2.0.5",
      "dependencies": {
        "dNqcW7FYVqnkjtbdVGjyS8": "33.2.0",
        "3BHMWCYAenCmWb8ThbnzeF": "11.1.1",
        "rs6Egi3bpxgrd3P2FjjZpt": "4.0.0"
      },
      "lang": "ts",
      "fileLocks": [
        {
          "type": "globalVariant",
          "assetId": "ke1bTRXO7ByK",
          "checksum": "6c1fc3afb6e10b3e8fae94723a75af97"
        },
        {
          "type": "renderModule",
          "assetId": "pnXQiYjPocAS",
          "checksum": "3316e89f33da93755a31d4ed5932407d"
        },
        {
          "type": "cssRules",
          "assetId": "pnXQiYjPocAS",
          "checksum": "3316e89f33da93755a31d4ed5932407d"
        },
        {
          "assetId": "6PoNur73nfoJqbzNtkNpAX",
          "type": "projectCss",
          "checksum": "b97c0c922ec8e94d4bbeebc773fc13ef"
        }
      ],
      "codegenVersion": "0.0.1"
    },
    {
      "projectId": "wjwfXMtbnYisAPU4bK5cC5",
      "version": "3.1.3",
      "dependencies": {
        "dNqcW7FYVqnkjtbdVGjyS8": "33.2.0",
        "3BHMWCYAenCmWb8ThbnzeF": "11.1.1"
      },
      "lang": "ts",
      "fileLocks": [
        {
          "type": "globalVariant",
          "assetId": "ShvukBspoZvV",
          "checksum": "a60a2231c1ec870656659a09ec871af6"
        },
        {
          "type": "renderModule",
          "assetId": "Lfk_eMQEaUtt",
          "checksum": "234a48bd7583d7226584e7730469ebcc"
        },
        {
          "type": "cssRules",
          "assetId": "Lfk_eMQEaUtt",
          "checksum": "234a48bd7583d7226584e7730469ebcc"
        },
        {
          "type": "icon",
          "assetId": "MvZhhDE3Bgvg",
          "checksum": "2eab2bc8c20bcdb1660eb90046bc8fc7"
        },
        {
          "assetId": "wjwfXMtbnYisAPU4bK5cC5",
          "type": "projectCss",
          "checksum": "707f045efd596b197ad61085dadb2091"
        }
      ],
      "codegenVersion": "0.0.1"
    },
    {
      "projectId": "bEVQSMSYHutfoPgsCgDaki",
      "version": "3.0.0",
      "dependencies": {
        "dNqcW7FYVqnkjtbdVGjyS8": "33.2.0",
        "3BHMWCYAenCmWb8ThbnzeF": "11.1.1"
      },
      "lang": "ts",
      "fileLocks": [
        {
          "type": "globalVariant",
          "assetId": "GmY8z1TlpiEp",
          "checksum": "d905e297bbad2793d53f152c18d8cd76"
        },
        {
          "type": "renderModule",
          "assetId": "Npitl5y2_6BQ",
          "checksum": "dfd19ea1ea285f260fd05ac87920c819"
        },
        {
          "type": "cssRules",
          "assetId": "Npitl5y2_6BQ",
          "checksum": "dfd19ea1ea285f260fd05ac87920c819"
        },
        {
          "type": "icon",
          "assetId": "P7spBlE1UIsx",
          "checksum": "bda9c958b0ca395d2f4291180bcddc33"
        },
        {
          "type": "icon",
          "assetId": "zDu7yFDYD85g",
          "checksum": "68f254740654adaada0274891922af97"
        },
        {
          "type": "icon",
          "assetId": "6hVEkwiHDm6d",
          "checksum": "db8c005f94a77894e575912ead30a7b3"
        },
        {
          "type": "icon",
          "assetId": "CqO2XyU0YkoT",
          "checksum": "388bd2d9ff854427147df7d4677312c9"
        },
        {
          "type": "icon",
          "assetId": "fuBn1n5CM-fP",
          "checksum": "5fd726e49667c21d59170cdbcab34370"
        },
        {
          "type": "icon",
          "assetId": "7kujgC4xIhPH",
          "checksum": "6063f362adb74578175247bf7591da36"
        },
        {
          "type": "icon",
          "assetId": "_xalKekvT1M2",
          "checksum": "26138130b0eec05434ac5d95b13523a3"
        },
        {
          "type": "icon",
          "assetId": "qR0PauWdEpA4",
          "checksum": "b0b16603144c0cb194094c55c27c11bf"
        },
        {
          "type": "icon",
          "assetId": "eRgaM3ihhh32",
          "checksum": "b30aaf1016738b530ccdc694d0590994"
        },
        {
          "assetId": "bEVQSMSYHutfoPgsCgDaki",
          "type": "projectCss",
          "checksum": "8154393d99b154b2e11c13e600a052c4"
        }
      ],
      "codegenVersion": "0.0.1"
    },
    {
      "projectId": "nVTL6BvP7Knk1RSNkBbJCm",
      "version": "15.2.2",
      "dependencies": {
        "3BHMWCYAenCmWb8ThbnzeF": "11.1.1",
        "dNqcW7FYVqnkjtbdVGjyS8": "33.2.0"
      },
      "lang": "ts",
      "fileLocks": [
        {
          "type": "globalVariant",
          "assetId": "UxENoTcqKtda",
          "checksum": "9627aee0820ddbd7ef68f25d7ec75ab1"
        },
        {
          "type": "renderModule",
          "assetId": "X9_ep2TqKQPK",
          "checksum": "46e65e6f7a5562f99e889418ede47164"
        },
        {
          "type": "cssRules",
          "assetId": "X9_ep2TqKQPK",
          "checksum": "46e65e6f7a5562f99e889418ede47164"
        },
        {
          "type": "renderModule",
          "assetId": "O67FO_t5_vVb",
          "checksum": "9d22c8998b126154192b4aa2bcc6bc97"
        },
        {
          "type": "cssRules",
          "assetId": "O67FO_t5_vVb",
          "checksum": "9d22c8998b126154192b4aa2bcc6bc97"
        },
        {
          "type": "renderModule",
          "assetId": "yqkAy7kTEo-g",
          "checksum": "ed381d4b3b77ac32f7c25147f3f06bc5"
        },
        {
          "type": "cssRules",
          "assetId": "yqkAy7kTEo-g",
          "checksum": "ed381d4b3b77ac32f7c25147f3f06bc5"
        },
        {
          "type": "renderModule",
          "assetId": "KMO7SWeBEoe7",
          "checksum": "50d92d5e2e8ed75bbca9bbe7b14f3915"
        },
        {
          "type": "cssRules",
          "assetId": "KMO7SWeBEoe7",
          "checksum": "50d92d5e2e8ed75bbca9bbe7b14f3915"
        },
        {
          "type": "renderModule",
          "assetId": "spAFUGCd2GDR",
          "checksum": "159705d302e625036d55986e43967c51"
        },
        {
          "type": "cssRules",
          "assetId": "spAFUGCd2GDR",
          "checksum": "159705d302e625036d55986e43967c51"
        },
        {
          "type": "renderModule",
          "assetId": "2myJ88m4oGUB",
          "checksum": "520255039278ed6cceaaf13a3a919c46"
        },
        {
          "type": "cssRules",
          "assetId": "2myJ88m4oGUB",
          "checksum": "520255039278ed6cceaaf13a3a919c46"
        },
        {
          "type": "icon",
          "assetId": "vh9oX_MuVy4l",
          "checksum": "2c2af13a525b1e7ddd81f00e368dc77e"
        },
        {
          "type": "icon",
          "assetId": "7LbOdkz1y0CD",
          "checksum": "2b0e1b5ce1a9d8757e6b6cbfaae17893"
        },
        {
          "type": "icon",
          "assetId": "6GTYFzfKR-ur",
          "checksum": "6c58bdea11cfd62a5403dbe05943d4e8"
        },
        {
          "type": "icon",
          "assetId": "kPPmYLazttRO",
          "checksum": "11d077736916f31d792f8ac18166cd42"
        },
        {
          "type": "icon",
          "assetId": "x25yhcuuTvTS",
          "checksum": "13b49441e3fffc8842c6faac8ce327f9"
        },
        {
          "type": "icon",
          "assetId": "J2ohuOWoSeX_",
          "checksum": "8c17ec3ba7fd298f8afb9e60ae5cedd7"
        },
        {
          "assetId": "nVTL6BvP7Knk1RSNkBbJCm",
          "type": "projectCss",
          "checksum": "8da8e9915e85cc185652022524c5e218"
        }
      ],
      "codegenVersion": "0.0.1"
    },
    {
      "projectId": "d4FLWyib3U2TEbmJ38D5i3",
      "version": "3.1.4",
      "dependencies": {
        "3BHMWCYAenCmWb8ThbnzeF": "11.1.1",
        "dNqcW7FYVqnkjtbdVGjyS8": "33.2.0"
      },
      "lang": "ts",
      "fileLocks": [
        {
          "type": "globalVariant",
          "assetId": "CtbV-Jfc53qW",
          "checksum": "376e6fda3bf3b84b956a13daf6352892"
        },
        {
          "type": "renderModule",
          "assetId": "p-kJ8jBM6L2n",
          "checksum": "a81900037580cbdf8e208f47264d4dc5"
        },
        {
          "type": "cssRules",
          "assetId": "p-kJ8jBM6L2n",
          "checksum": "a81900037580cbdf8e208f47264d4dc5"
        },
        {
          "assetId": "d4FLWyib3U2TEbmJ38D5i3",
          "type": "projectCss",
          "checksum": "ae4ff8df62e4f005e52f30d25a8decc6"
        }
      ],
      "codegenVersion": "0.0.1"
    },
    {
      "projectId": "teUZ7d8BEHskoXuvEf1pBj",
      "version": "1.2.2",
      "dependencies": {
        "dNqcW7FYVqnkjtbdVGjyS8": "33.2.0",
        "3BHMWCYAenCmWb8ThbnzeF": "11.1.1",
        "rs6Egi3bpxgrd3P2FjjZpt": "4.0.0"
      },
      "lang": "ts",
      "fileLocks": [
        {
          "type": "globalVariant",
          "assetId": "Bbz4-sbMDRPn",
          "checksum": "3b9f3f5fe5558794e0d493ce7c252464"
        },
        {
          "type": "renderModule",
          "assetId": "RHJkBmrpbhOs",
          "checksum": "a6e1221ae582b8c13c27458c63c8e439"
        },
        {
          "type": "cssRules",
          "assetId": "RHJkBmrpbhOs",
          "checksum": "a6e1221ae582b8c13c27458c63c8e439"
        },
        {
          "type": "icon",
          "assetId": "x7FWsPYhVsTo",
          "checksum": "577e78277dc24c2e256ff211c834b4e1"
        },
        {
          "type": "icon",
          "assetId": "mlc6JKm1N9c4",
          "checksum": "b1460384519da78da1bf11523100d3a7"
        },
        {
          "assetId": "teUZ7d8BEHskoXuvEf1pBj",
          "type": "projectCss",
          "checksum": "066bbd8b8d3dfb88276191d4c4d0ec46"
        }
      ],
      "codegenVersion": "0.0.1"
    },
    {
      "projectId": "fKizj5juSSuZK31zh3BBJE",
      "version": "2.2.0",
      "dependencies": {
        "3BHMWCYAenCmWb8ThbnzeF": "11.1.1",
        "dNqcW7FYVqnkjtbdVGjyS8": "33.2.0",
        "rs6Egi3bpxgrd3P2FjjZpt": "4.0.0"
      },
      "lang": "ts",
      "fileLocks": [
        {
          "type": "globalVariant",
          "assetId": "4DTNLr8rcZpp",
          "checksum": "6f8d28c07e1dc68610b36d2dc61c4e2e"
        },
        {
          "type": "renderModule",
          "assetId": "HmsKVTz2YTwg",
          "checksum": "b7af031fa0d0a0c6536f09902a76cfb7"
        },
        {
          "type": "cssRules",
          "assetId": "HmsKVTz2YTwg",
          "checksum": "b7af031fa0d0a0c6536f09902a76cfb7"
        },
        {
          "type": "icon",
          "assetId": "nkTA0SEj1EAz",
          "checksum": "edc1d7372e82b55956d416283c75d34b"
        },
        {
          "assetId": "fKizj5juSSuZK31zh3BBJE",
          "type": "projectCss",
          "checksum": "84eeb4530e60aa5c419ac67c49ced959"
        },
        {
          "type": "renderModule",
          "assetId": "33a-sFH_XWlm",
          "checksum": "8e7b16d50c7fcec66bcc914fa7e01fcd"
        },
        {
          "type": "cssRules",
          "assetId": "33a-sFH_XWlm",
          "checksum": "8e7b16d50c7fcec66bcc914fa7e01fcd"
        }
      ],
      "codegenVersion": "0.0.1"
    },
    {
      "projectId": "2ejMdvJDoJWjwd6DCNSCHJ",
      "version": "2.2.4",
      "dependencies": {
        "dNqcW7FYVqnkjtbdVGjyS8": "33.2.0",
        "3BHMWCYAenCmWb8ThbnzeF": "11.1.1",
        "rs6Egi3bpxgrd3P2FjjZpt": "4.0.0"
      },
      "lang": "ts",
      "fileLocks": [
        {
          "type": "globalVariant",
          "assetId": "x9-c8kbzlZRi",
          "checksum": "a47c537acc6854442f535b88aa805df0"
        },
        {
          "type": "renderModule",
          "assetId": "MphHr_PH49b9",
          "checksum": "42a7f3331ec9ee275d7d8257e41dc5c5"
        },
        {
          "type": "cssRules",
          "assetId": "MphHr_PH49b9",
          "checksum": "42a7f3331ec9ee275d7d8257e41dc5c5"
        },
        {
          "type": "icon",
          "assetId": "2uUMZdaycZjV",
          "checksum": "532df1a4ec81e270fb8e89a3dd7cd98e"
        },
        {
          "type": "icon",
          "assetId": "hMDjqpLYDMyv",
          "checksum": "77d328f09cb4d4637eb8869500eb7629"
        },
        {
          "assetId": "2ejMdvJDoJWjwd6DCNSCHJ",
          "type": "projectCss",
          "checksum": "a24c60886b7393fed5c7fcd5c21287ce"
        }
      ],
      "codegenVersion": "0.0.1"
    },
    {
      "projectId": "mGt6E9beS9xM1LmsApto9L",
      "version": "1.0.8",
      "dependencies": {
        "3BHMWCYAenCmWb8ThbnzeF": "11.1.1",
        "dNqcW7FYVqnkjtbdVGjyS8": "33.2.0"
      },
      "lang": "ts",
      "fileLocks": [
        {
          "type": "globalVariant",
          "assetId": "yXEVQqj9Zgwb",
          "checksum": "b334fc7d62f3cfa6b15ad15c81ebd55a"
        },
        {
          "type": "renderModule",
          "assetId": "iWSZkUWMNfpu",
          "checksum": "8e984b04394a2f6b2848504bb22c6fb6"
        },
        {
          "type": "cssRules",
          "assetId": "iWSZkUWMNfpu",
          "checksum": "8e984b04394a2f6b2848504bb22c6fb6"
        },
        {
          "assetId": "mGt6E9beS9xM1LmsApto9L",
          "type": "projectCss",
          "checksum": "ea64639c2b301063f77373ed72e4ab94"
        }
      ],
      "codegenVersion": "0.0.1"
    },
    {
      "projectId": "i4n9AbVD4xq7VvHzvrVDh9",
      "version": "4.0.0",
      "dependencies": {
        "dNqcW7FYVqnkjtbdVGjyS8": "33.2.0",
        "3BHMWCYAenCmWb8ThbnzeF": "11.1.1",
        "rs6Egi3bpxgrd3P2FjjZpt": "4.0.0"
      },
      "lang": "ts",
      "fileLocks": [
        {
          "type": "globalVariant",
          "assetId": "X42jon68MubS",
          "checksum": "495e4c11bdd3f33af18550d70f55981c"
        },
        {
          "type": "renderModule",
          "assetId": "P54ZNfHeNobv",
          "checksum": "dd2ba284c5cd82b169d4c4f4d8477718"
        },
        {
          "type": "cssRules",
          "assetId": "P54ZNfHeNobv",
          "checksum": "dd2ba284c5cd82b169d4c4f4d8477718"
        },
        {
          "assetId": "i4n9AbVD4xq7VvHzvrVDh9",
          "type": "projectCss",
          "checksum": "b821d43b6c5122cb47b4cb77f8ff2181"
        }
      ],
      "codegenVersion": "0.0.1"
    },
    {
      "projectId": "c5U1YmQuuwKiEiPAPcSEb",
      "version": "latest",
      "dependencies": {
        "3BHMWCYAenCmWb8ThbnzeF": "11.1.1",
        "dNqcW7FYVqnkjtbdVGjyS8": "33.2.0",
        "rs6Egi3bpxgrd3P2FjjZpt": "4.0.0",
        "i4n9AbVD4xq7VvHzvrVDh9": "4.0.0",
        "mGt6E9beS9xM1LmsApto9L": "1.0.8",
        "2ejMdvJDoJWjwd6DCNSCHJ": "2.2.4",
        "fKizj5juSSuZK31zh3BBJE": "2.2.0",
        "teUZ7d8BEHskoXuvEf1pBj": "1.2.2",
        "d4FLWyib3U2TEbmJ38D5i3": "3.1.4",
        "nVTL6BvP7Knk1RSNkBbJCm": "15.2.2",
        "bEVQSMSYHutfoPgsCgDaki": "3.0.0",
        "wjwfXMtbnYisAPU4bK5cC5": "3.1.3",
        "6PoNur73nfoJqbzNtkNpAX": "2.0.5",
        "4JFyEcvXaxQ6TZ3SJQYzp6": "9.0.4",
        "ivrmEdvdUKbShkHq3Wnmy4": "1.3.2"
      },
      "lang": "ts",
      "fileLocks": [
        {
          "type": "globalVariant",
          "assetId": "hq1sIZtN9tLB",
          "checksum": "0545e29701a4a2c2d754263f7715e80c"
        },
        {
          "type": "renderModule",
          "assetId": "NQjWRccm2VyZ",
          "checksum": "843b3023aef1882f70f5dea4a88032cd"
        },
        {
          "type": "cssRules",
          "assetId": "NQjWRccm2VyZ",
          "checksum": "843b3023aef1882f70f5dea4a88032cd"
        },
        {
          "type": "renderModule",
          "assetId": "NLSlIBWCa0Ns",
          "checksum": "884d1e750de00b901ac66cda7aabf3aa"
        },
        {
          "type": "cssRules",
          "assetId": "NLSlIBWCa0Ns",
          "checksum": "884d1e750de00b901ac66cda7aabf3aa"
        },
        {
          "type": "renderModule",
          "assetId": "NxMYvkL1AlDF",
          "checksum": "8cc988dbcab7dd33fba35c8d6ad5ebd5"
        },
        {
          "type": "cssRules",
          "assetId": "NxMYvkL1AlDF",
          "checksum": "8cc988dbcab7dd33fba35c8d6ad5ebd5"
        },
        {
          "type": "renderModule",
          "assetId": "0Nrn_rkB5Oji",
          "checksum": "eedb70f40c95f713a5e0e72afe4a3387"
        },
        {
          "type": "cssRules",
          "assetId": "0Nrn_rkB5Oji",
          "checksum": "eedb70f40c95f713a5e0e72afe4a3387"
        },
        {
          "type": "renderModule",
          "assetId": "J2lAwkWT-bIT",
          "checksum": "16267dec7fc58cc06d5377ed2e413ed7"
        },
        {
          "type": "cssRules",
          "assetId": "J2lAwkWT-bIT",
          "checksum": "16267dec7fc58cc06d5377ed2e413ed7"
        },
        {
          "type": "renderModule",
          "assetId": "dHDiLFP1-xc6",
          "checksum": "7a50419f13195828aa81ce11b94fadd4"
        },
        {
          "type": "cssRules",
          "assetId": "dHDiLFP1-xc6",
          "checksum": "7a50419f13195828aa81ce11b94fadd4"
        },
        {
          "type": "renderModule",
          "assetId": "fYIjZE-Pqy9D",
          "checksum": "4179d319ccf8a541cec062ef20574a4f"
        },
        {
          "type": "cssRules",
          "assetId": "fYIjZE-Pqy9D",
          "checksum": "4179d319ccf8a541cec062ef20574a4f"
        },
        {
          "type": "renderModule",
          "assetId": "Dvoj2BVjv38E",
          "checksum": "4c80d422fb7472702b453a48518e0657"
        },
        {
          "type": "cssRules",
          "assetId": "Dvoj2BVjv38E",
          "checksum": "4c80d422fb7472702b453a48518e0657"
        },
        {
          "type": "renderModule",
          "assetId": "zytWpo0xxgKE",
          "checksum": "2dbe31f7717a91c57ec89846a2798418"
        },
        {
          "type": "cssRules",
          "assetId": "zytWpo0xxgKE",
          "checksum": "2dbe31f7717a91c57ec89846a2798418"
        },
        {
          "type": "renderModule",
          "assetId": "deRzoMNf1UtH",
          "checksum": "43a73b91ca60485a607c143bba99f821"
        },
        {
          "type": "cssRules",
          "assetId": "deRzoMNf1UtH",
          "checksum": "43a73b91ca60485a607c143bba99f821"
        },
        {
          "type": "renderModule",
          "assetId": "U7fipxDrwbBk",
          "checksum": "5d6128f233d7065a1e67eeea861a16ce"
        },
        {
          "type": "cssRules",
          "assetId": "U7fipxDrwbBk",
          "checksum": "5d6128f233d7065a1e67eeea861a16ce"
        },
        {
          "type": "renderModule",
          "assetId": "Pl3iGbNYaPm8",
          "checksum": "57cb588cb8592ce629956ea53865a252"
        },
        {
          "type": "cssRules",
          "assetId": "Pl3iGbNYaPm8",
          "checksum": "57cb588cb8592ce629956ea53865a252"
        },
        {
          "type": "renderModule",
          "assetId": "eU_WVbX1WO_z",
          "checksum": "e909397f48d54a316bec84744c832c42"
        },
        {
          "type": "cssRules",
          "assetId": "eU_WVbX1WO_z",
          "checksum": "e909397f48d54a316bec84744c832c42"
        },
        {
          "type": "renderModule",
          "assetId": "5uL4Buoz7XZC",
          "checksum": "d29259a4ed71d677a04754937d982c82"
        },
        {
          "type": "cssRules",
          "assetId": "5uL4Buoz7XZC",
          "checksum": "d29259a4ed71d677a04754937d982c82"
        },
        {
          "type": "renderModule",
          "assetId": "tVPVe_AvQVJ9",
          "checksum": "aa413451ad6c52c7f07bf3f9933a8235"
        },
        {
          "type": "cssRules",
          "assetId": "tVPVe_AvQVJ9",
          "checksum": "aa413451ad6c52c7f07bf3f9933a8235"
        },
        {
          "type": "renderModule",
          "assetId": "aAMVBuxJo1Om",
          "checksum": "24e6dfbc095a079eb9e788afe197e1bb"
        },
        {
          "type": "cssRules",
          "assetId": "aAMVBuxJo1Om",
          "checksum": "24e6dfbc095a079eb9e788afe197e1bb"
        },
        {
          "type": "renderModule",
          "assetId": "8ZvKjoWIeyEW",
          "checksum": "20891eaa344c088d00397a86f6110c23"
        },
        {
          "type": "cssRules",
          "assetId": "8ZvKjoWIeyEW",
          "checksum": "20891eaa344c088d00397a86f6110c23"
        },
        {
          "type": "renderModule",
          "assetId": "ES7f8Dx45R8j",
          "checksum": "9f3e4f6f383f6e61cffcde1e593df2b7"
        },
        {
          "type": "cssRules",
          "assetId": "ES7f8Dx45R8j",
          "checksum": "9f3e4f6f383f6e61cffcde1e593df2b7"
        },
        {
          "type": "renderModule",
          "assetId": "0FLe2_Cup2tp",
          "checksum": "7f48e395447c35cbba388254579ce2c8"
        },
        {
          "type": "cssRules",
          "assetId": "0FLe2_Cup2tp",
          "checksum": "7f48e395447c35cbba388254579ce2c8"
        },
        {
          "type": "renderModule",
          "assetId": "i-duw3PRJkpa",
          "checksum": "e8518674bcb32946b9aed0069d990591"
        },
        {
          "type": "cssRules",
          "assetId": "i-duw3PRJkpa",
          "checksum": "e8518674bcb32946b9aed0069d990591"
        },
        {
          "type": "renderModule",
          "assetId": "HPOTGwqMY0jY",
          "checksum": "f88c0164c449ab03aa3791d0e2217d5b"
        },
        {
          "type": "cssRules",
          "assetId": "HPOTGwqMY0jY",
          "checksum": "f88c0164c449ab03aa3791d0e2217d5b"
        },
        {
          "type": "renderModule",
          "assetId": "aX8OzBeR3b5R",
          "checksum": "2d79a7c299f72320690242e64f82d591"
        },
        {
          "type": "cssRules",
          "assetId": "aX8OzBeR3b5R",
          "checksum": "2d79a7c299f72320690242e64f82d591"
        },
        {
          "type": "renderModule",
          "assetId": "OqON6hhCy5gS",
          "checksum": "d74bb3b5d5e4c2986f502dea05082abd"
        },
        {
          "type": "cssRules",
          "assetId": "OqON6hhCy5gS",
          "checksum": "d74bb3b5d5e4c2986f502dea05082abd"
        },
        {
          "type": "renderModule",
          "assetId": "pEV9eMl-EV4B",
          "checksum": "8c14535ed27bbd6cc0332d2e90cb2e94"
        },
        {
          "type": "cssRules",
          "assetId": "pEV9eMl-EV4B",
          "checksum": "8c14535ed27bbd6cc0332d2e90cb2e94"
        },
        {
          "type": "icon",
          "assetId": "lrDhDbbPjbEp",
          "checksum": "7182d455427097d3343881a95a4f5d29"
        },
        {
          "type": "icon",
          "assetId": "i1GG_jqfzp-L",
          "checksum": "a97c98a03ac71cc19b50090be87c2fbe"
        },
        {
          "type": "icon",
          "assetId": "5phALsWc362I",
          "checksum": "e7a9047bd461683ead9b80f664af45e6"
        },
        {
          "type": "icon",
          "assetId": "gE_Av3BOFS5M",
          "checksum": "b87c326659a8a1c171c6faa41b0fc902"
        },
        {
          "type": "icon",
          "assetId": "jKZoqh-aMBEW",
          "checksum": "0fbe52ff7ef44188dd1e6c9128ca293c"
        },
        {
          "type": "icon",
          "assetId": "T48BikaXkRec",
          "checksum": "0794ecd19a2abe2c402896857f2b47a9"
        },
        {
          "type": "icon",
          "assetId": "mExnuZP6n5AF",
          "checksum": "4aa4b23d4f26ca13168d4a6e42737011"
        },
        {
          "type": "icon",
          "assetId": "B9nb0_qSe3Dh",
          "checksum": "08fa1b5457ed47d58a41120011d05bb9"
        },
        {
          "type": "icon",
          "assetId": "YMBccrKFtEzU",
          "checksum": "4951d5adf87370fddc6d3cb51c95f33d"
        },
        {
          "type": "icon",
          "assetId": "L56y0iZf4Ahb",
          "checksum": "2348fa33de1b30bd4d73400d67c4a85c"
        },
        {
          "type": "icon",
          "assetId": "v3VUhrWUQ3Ov",
          "checksum": "3ae81083f6754b370a061ea9362ca24d"
        },
        {
          "type": "icon",
          "assetId": "XtrOaOQaLt4c",
          "checksum": "004f3aff5e39c8ec3512dd6a00e00c2f"
        },
        {
          "type": "icon",
          "assetId": "RMWA1k-6-97O",
          "checksum": "89f70f4f6180dde5d491d23f29395493"
        },
        {
          "type": "icon",
          "assetId": "WjckvkX1rB-J",
          "checksum": "e76761981ca8faefa239c0b41fb35ab8"
        },
        {
          "type": "icon",
          "assetId": "YUD_2VgbxRT5",
          "checksum": "8a01544c4d238eeb5329f6905968c9ec"
        },
        {
          "type": "icon",
          "assetId": "mUlxprQ1_TVo",
          "checksum": "1d15d9803bdb3d2aec2f97530c62cc18"
        },
        {
          "type": "icon",
          "assetId": "tmXFJ1dULs-2",
          "checksum": "c23e323a9f4e9e8185fd33a58ff8bd06"
        },
        {
          "type": "icon",
          "assetId": "RyvcRFj9UGpR",
          "checksum": "b8131ffe019fb13423fbd783fa4af5a8"
        },
        {
          "type": "icon",
          "assetId": "yttwv2RIBTQJ",
          "checksum": "6bb5a5965524d9dca78563c0778ddf98"
        },
        {
          "type": "icon",
          "assetId": "itEPOcPkDYvF",
          "checksum": "dfe0f1a6d29da2479347401b95e87efc"
        },
        {
          "type": "icon",
          "assetId": "XdNVeBPlhfYS",
          "checksum": "c4eec50bebddc2e2173554e05e819569"
        },
        {
          "type": "icon",
          "assetId": "J8X8CG9V_YUM",
          "checksum": "727adb550b02bdb0a0f4ce044794ef95"
        },
        {
          "type": "icon",
          "assetId": "vPq9Jat7EAcQ",
          "checksum": "8ea2b75d8396c53fb756b8c38c52dae9"
        },
        {
          "type": "icon",
          "assetId": "jetjjJ0LhT25",
          "checksum": "a89b54c90644aba504802acc0ddf7876"
        },
        {
          "type": "icon",
          "assetId": "czLWK9y5OYH7",
          "checksum": "7adeeb99ef4c09b0fb2b88ef2abf3db0"
        },
        {
          "type": "icon",
          "assetId": "_FKcUiYs9Sse",
          "checksum": "8ada9086d6e09546651c75002ffdfb23"
        },
        {
          "type": "icon",
          "assetId": "03OsqxpGjYa8",
          "checksum": "35aa01e516218b145db0fec4ade9999b"
        },
        {
          "type": "icon",
          "assetId": "nLq0JI_IroTJ",
          "checksum": "00c7b92fb38889f5c67ba3a706f3bf38"
        },
        {
          "type": "icon",
          "assetId": "Dpux9scV2WgQ",
          "checksum": "4ad9d8c4fcfdbfaa938564c7861571b9"
        },
        {
          "type": "icon",
          "assetId": "v64hGCSl9PKV",
          "checksum": "09437725c5a3174b22db1c736499dd3a"
        },
        {
          "type": "icon",
          "assetId": "ys9i8KzHmtFU",
          "checksum": "55db75cff43838d21b7f896e3bd1f48c"
        },
        {
          "type": "icon",
          "assetId": "7datgFIAkDDi",
          "checksum": "abaf91a6f03732ef2081d9ff672bfac4"
        },
        {
          "type": "icon",
          "assetId": "ovD90WalgKqv",
          "checksum": "c315745170b81e0f193fcef0f727a9e0"
        },
        {
          "type": "icon",
          "assetId": "Cold3WXoSnUh",
          "checksum": "eea285bc8bd1b5dd4b9b825dcbd8a578"
        },
        {
          "type": "icon",
          "assetId": "te19_J1OBe5D",
          "checksum": "9c91ea66b537c72d57e4a80368e6b152"
        },
        {
          "type": "icon",
          "assetId": "R4x3iBBqO3tX",
          "checksum": "5b26ef368b75b751f0d91c5567c000ac"
        },
        {
          "type": "icon",
          "assetId": "ApNwdEbxtt1f",
          "checksum": "f5eb20050a333fd4132f73a4ef277aa2"
        },
        {
          "type": "icon",
          "assetId": "CXQnBciRBhj-",
          "checksum": "7b78d23695abc44c71898e27b803ab77"
        },
        {
          "type": "icon",
          "assetId": "yEpgr6R3HPSa",
          "checksum": "f587619aa47bb21282a09bde3679029d"
        },
        {
          "type": "icon",
          "assetId": "KqKQasK_PuPK",
          "checksum": "eec1b6cc00871705978f0756aff09085"
        },
        {
          "type": "icon",
          "assetId": "8mqDywB5PeiU",
          "checksum": "2f9505317280c26764e7719ed83b92f2"
        },
        {
          "type": "icon",
          "assetId": "xeksUrplpg8H",
          "checksum": "10cdaf0e8a93a8745235d0aee0f4ca2d"
        },
        {
          "type": "icon",
          "assetId": "tHdDNumVdazc",
          "checksum": "0bda29ab8ef205ef828be9f0c045379b"
        },
        {
          "type": "icon",
          "assetId": "WANC4SK7BmND",
          "checksum": "c0bac0bee8d9d959712b3b7ada3e6885"
        },
        {
          "assetId": "c5U1YmQuuwKiEiPAPcSEb",
          "type": "projectCss",
          "checksum": "a7fced736b40a7fb770406ebf37e4f0c"
        }
      ],
      "codegenVersion": "0.0.1"
    }
  ],
  "cliVersion": "0.1.330"
}
